<?xml version="1.0" encoding="utf-8"?>
<Project ToolsVersion="4.0" xmlns="http://schemas.microsoft.com/developer/msbuild/2003">
  <ItemGroup>
    <Filter Include="UVA">
      <UniqueIdentifier>{ababf6cb-7349-42aa-96e6-cbaf90f34381}</UniqueIdentifier>
    </Filter>
    <Filter Include="input">
      <UniqueIdentifier>{57918804-7817-43e6-80d4-2909af853fce}</UniqueIdentifier>
    </Filter>
    <Filter Include="SPOJ">
      <UniqueIdentifier>{e409dcc5-e4d1-40d8-a51c-23512f3a8711}</UniqueIdentifier>
    </Filter>
    <Filter Include="UVA\Graphs">
      <UniqueIdentifier>{83c0de24-1d07-44f6-8765-8814dc2c325a}</UniqueIdentifier>
    </Filter>
    <Filter Include="UVA\DP">
      <UniqueIdentifier>{7929d6be-143c-4fd7-9005-556448203edf}</UniqueIdentifier>
    </Filter>
    <Filter Include="UVA\Strings">
      <UniqueIdentifier>{b33c527e-c12d-411c-a451-348a26c57f24}</UniqueIdentifier>
    </Filter>
    <Filter Include="UVA\Adhoc">
      <UniqueIdentifier>{7da96952-2b90-456c-9868-6c40eb87b622}</UniqueIdentifier>
    </Filter>
    <Filter Include="UVA\D&amp;C_Exhaustive">
      <UniqueIdentifier>{f1ce417e-104c-474f-bddc-13ebdc0d5a83}</UniqueIdentifier>
    </Filter>
    <Filter Include="UVA\DP\10">
      <UniqueIdentifier>{d43361ef-be2c-4b55-a7c0-8f50bd2ed3d5}</UniqueIdentifier>
    </Filter>
    <Filter Include="UVA\DP\11">
      <UniqueIdentifier>{46f7c6c7-298d-4c74-b733-77e0f431d977}</UniqueIdentifier>
    </Filter>
    <Filter Include="UVA\DP\Others">
      <UniqueIdentifier>{d350d534-d655-40f3-9ca0-2549554e03e8}</UniqueIdentifier>
    </Filter>
    <Filter Include="input\10">
      <UniqueIdentifier>{fb6f3085-097e-4e34-b6d5-8a5ac0cfa6d1}</UniqueIdentifier>
    </Filter>
    <Filter Include="input\11">
      <UniqueIdentifier>{20580d96-ab97-4d81-b260-16305b90cf29}</UniqueIdentifier>
    </Filter>
    <Filter Include="input\12">
      <UniqueIdentifier>{525757ba-c715-47d4-ae89-dc166627d96f}</UniqueIdentifier>
    </Filter>
    <Filter Include="input\Misc">
      <UniqueIdentifier>{c617312a-5a58-4fd8-bf0f-723600f608ed}</UniqueIdentifier>
    </Filter>
    <Filter Include="CodeChef">
      <UniqueIdentifier>{e5dee06a-e546-4945-8c71-0af4b62208bb}</UniqueIdentifier>
    </Filter>
    <Filter Include="CodeForces">
      <UniqueIdentifier>{9335ce3e-b5f2-48cb-9b98-337063ba9a8c}</UniqueIdentifier>
    </Filter>
    <Filter Include="USACO">
      <UniqueIdentifier>{650a81f3-eda5-4593-93c8-cc972f639bac}</UniqueIdentifier>
    </Filter>
    <Filter Include="CodeChef\Contest">
      <UniqueIdentifier>{9bc0c3b9-4bf0-494a-b0c2-3eea83378b39}</UniqueIdentifier>
    </Filter>
    <Filter Include="CodeChef\Practice">
      <UniqueIdentifier>{0958dd5f-f821-463d-962e-5c65e79a31cb}</UniqueIdentifier>
    </Filter>
    <Filter Include="CodeForces\Contest">
      <UniqueIdentifier>{f196a15d-27e1-4d30-9393-f036b4f0526c}</UniqueIdentifier>
    </Filter>
    <Filter Include="CodeForces\Practice">
      <UniqueIdentifier>{53064f73-2337-4b88-aaf0-2329b35cf7b2}</UniqueIdentifier>
    </Filter>
    <Filter Include="USACO\Contest">
      <UniqueIdentifier>{315752e5-a08f-4fe9-8603-022f31635172}</UniqueIdentifier>
    </Filter>
    <Filter Include="USACO\Practice">
      <UniqueIdentifier>{a50b4575-b666-42d0-ae88-e78193eae18f}</UniqueIdentifier>
    </Filter>
  </ItemGroup>
  <ItemGroup>
    <ClInclude Include="..\CommonHeader.h" />
    <ClInclude Include="resource.h" />
    <ClInclude Include="..\ConsoleColor.h" />
  </ItemGroup>
  <ItemGroup>
    <ResourceCompile Include="Algorithm.rc" />
  </ItemGroup>
  <ItemGroup>
    <ClCompile Include="..\src\spoj\SPOJ_Fishmonger.cpp">
      <Filter>SPOJ</Filter>
    </ClCompile>
    <ClCompile Include="..\src\CodeChef\Contest\CC_NTRIPLETS_01.cpp">
      <Filter>CodeChef\Contest</Filter>
    </ClCompile>
    <ClCompile Include="..\src\CodeChef\Practice\CC_ZCO22002_Messages_01.cpp">
      <Filter>CodeChef\Practice</Filter>
    </ClCompile>
    <ClCompile Include="..\src\CodeChef\Practice\CC_ZCO14003_SmartPhone_01.cpp">
      <Filter>CodeChef\Practice</Filter>
    </ClCompile>
    <ClCompile Include="..\src\CodeChef\Practice\CC_ZCO14001_VideoGame_01.cpp">
      <Filter>CodeChef\Practice</Filter>
    </ClCompile>
    <ClCompile Include="..\src\CodeChef\Practice\CC_ZCO13001_Tournament_01.cpp">
      <Filter>CodeChef\Practice</Filter>
    </ClCompile>
    <ClCompile Include="..\src\CodeChef\Practice\CC_ZCO15002_Variation_01.cpp">
      <Filter>CodeChef\Practice</Filter>
    </ClCompile>
    <ClCompile Include="..\src\CodeChef\Practice\CC_ZCO12001_MatchBrackets_01.cpp">
      <Filter>CodeChef\Practice</Filter>
    </ClCompile>
    <ClCompile Include="..\src\CodeChef\Practice\CC_ZCO14002_SUPW_01.cpp">
      <Filter>CodeChef\Practice</Filter>
    </ClCompile>
    <ClCompile Include="..\src\CodeChef\Practice\CC_ZCO23001_Parchment_01.cpp">
      <Filter>CodeChef\Practice</Filter>
    </ClCompile>
    <ClCompile Include="..\src\CodeChef\Contest\CC_FARFROMO_Far from origin_01.cpp">
      <Filter>CodeChef\Contest</Filter>
    </ClCompile>
    <ClCompile Include="..\src\CodeChef\Contest\CC_ARRHALVES_ArrayHalves_01.cpp">
      <Filter>CodeChef\Contest</Filter>
    </ClCompile>
    <ClCompile Include="..\src\CodeChef\Contest\CC_MINMAXARR_Minimize_the_Maximum_01.cpp">
      <Filter>CodeChef\Contest</Filter>
    </ClCompile>
    <ClCompile Include="..\src\CodeChef\Contest\CC_SYMARRSWAP_Symmetric_Swaps_01.cpp">
      <Filter>CodeChef\Contest</Filter>
    </ClCompile>
    <ClCompile Include="..\src\CodeChef\Practice\CC_INOI2203A_Diocletian-Part1.cpp">
      <Filter>CodeChef\Practice</Filter>
    </ClCompile>
    <ClCompile Include="..\src\CodeChef\Practice\CC_INOI2203B_Diocletian-Part2.cpp">
      <Filter>CodeChef\Practice</Filter>
    </ClCompile>
    <ClCompile Include="..\src\CodeChef\Practice\CC_INOI2201_Posting_01.cpp">
      <Filter>CodeChef\Practice</Filter>
    </ClCompile>
    <ClCompile Include="..\src\CodeChef\Practice\CC_ZCO23002_Weightage_01.cpp">
      <Filter>CodeChef\Practice</Filter>
    </ClCompile>
    <ClCompile Include="..\src\CodeChef\Practice\CC_INOI1601_Wealth_disparity_01.cpp">
      <Filter>CodeChef\Practice</Filter>
    </ClCompile>
    <ClCompile Include="..\src\CodeChef\Practice\CC_1202_Table_Sum_01.cpp">
      <Filter>CodeChef\Practice</Filter>
    </ClCompile>
    <ClCompile Include="..\src\CodeChef\Practice\CC_INOI1401_Highway_Bypass_01.cpp">
      <Filter>CodeChef\Practice</Filter>
    </ClCompile>
    <ClCompile Include="..\src\USACO\Contest\USACO_Jan23_P1_Leaders.cpp">
      <Filter>USACO\Contest</Filter>
    </ClCompile>
    <ClCompile Include="..\src\USACO\Contest\USACO_Jan23_P2_AirCownditioning.cpp">
      <Filter>USACO\Contest</Filter>
    </ClCompile>
    <ClCompile Include="..\src\USACO\Contest\USACO_Jan23_P3_Moo_Operations.cpp">
      <Filter>USACO\Contest</Filter>
    </ClCompile>
    <ClCompile Include="..\src\USACO\Contest\USACO_JAN23_P2_FollowDir.cpp">
      <Filter>USACO\Contest</Filter>
    </ClCompile>
  </ItemGroup>
</Project>